
Microsoft Visual Studio Solution File, Format Version 12.00
# Visual Studio 15
Project("{FAE04EC0-301F-11D3-BF4B-00C04F79EFBC}") = "RealNumbers", "RealNumbers\RealNumbers.csproj", "{DAFFD1C0-E9C8-41CB-A5C4-3396F6F2ACC5}"
EndProject
Global
	GlobalSection(SolutionConfigurationPlatforms) = preSolution
		Debug|anycpu = Debug|anycpu
		Release|anycpu = Release|anycpu
	EndGlobalSection
	GlobalSection(ProjectConfigurationPlatforms) = postSolution
		{DAFFD1C0-E9C8-41CB-A5C4-3396F6F2ACC5}.Debug|anycpu.ActiveCfg = Debug|anycpu
		{DAFFD1C0-E9C8-41CB-A5C4-3396F6F2ACC5}.Debug|anycpu.Build.0 = Debug|anycpu
		{DAFFD1C0-E9C8-41CB-A5C4-3396F6F2ACC5}.Release|anycpu.ActiveCfg = Release|anycpu
		{DAFFD1C0-E9C8-41CB-A5C4-3396F6F2ACC5}.Release|anycpu.Build.0 = Release|anycpu
	EndGlobalSection
EndGlobal
